
Microsoft Visual Studio Solution File, Format Version 12.00
# Visual Studio Version 17
VisualStudioVersion = 17.0.31903.59
MinimumVisualStudioVersion = 10.0.40219.1
Project("{FAE04EC0-301F-11D3-BF4B-00C04F79EFBC}") = "ReferenceProject.Presentation.WebApi", "ReferenceProject.Presentation.WebApi\ReferenceProject.Presentation.WebApi.csproj", "{0421C1A7-5FB0-4527-BD7D-C04249211299}"
EndProject
Project("{FAE04EC0-301F-11D3-BF4B-00C04F79EFBC}") = "ReferenceProject.Domain", "ReferenceProject.Domain\ReferenceProject.Domain.csproj", "{6AB8117A-AEBC-4150-88C4-4A98B94A7B48}"
EndProject
Project("{FAE04EC0-301F-11D3-BF4B-00C04F79EFBC}") = "ReferenceProject.Application", "ReferenceProject.Application\ReferenceProject.Application.csproj", "{1FB49910-8DCA-4292-977B-9AC5BD712438}"
EndProject
Project("{2150E333-8FDC-42A3-9474-1A3956D46DE8}") = "src", "src", "{A4D78854-E7B5-428A-8443-205B1E872976}"
EndProject
Project("{FAE04EC0-301F-11D3-BF4B-00C04F79EFBC}") = "ReferenceProject.Presentation.Razor", "ReferenceProject.Presentation.Razor\ReferenceProject.Presentation.Razor.csproj", "{A85C677A-AD1E-41CB-B51D-6E8EA96064C7}"
EndProject
Project("{FAE04EC0-301F-11D3-BF4B-00C04F79EFBC}") = "ReferenceProject.Infrastructure.Database", "ReferenceProject.Infrastructure.Database\ReferenceProject.Infrastructure.Database.csproj", "{287CBF0B-2EAE-4E58-9517-0EE6CCC5030A}"
EndProject
Global
	GlobalSection(SolutionConfigurationPlatforms) = preSolution
		Debug|Any CPU = Debug|Any CPU
		Release|Any CPU = Release|Any CPU
	EndGlobalSection
	GlobalSection(ProjectConfigurationPlatforms) = postSolution
		{0421C1A7-5FB0-4527-BD7D-C04249211299}.Debug|Any CPU.ActiveCfg = Debug|Any CPU
		{0421C1A7-5FB0-4527-BD7D-C04249211299}.Debug|Any CPU.Build.0 = Debug|Any CPU
		{0421C1A7-5FB0-4527-BD7D-C04249211299}.Release|Any CPU.ActiveCfg = Release|Any CPU
		{0421C1A7-5FB0-4527-BD7D-C04249211299}.Release|Any CPU.Build.0 = Release|Any CPU
		{6AB8117A-AEBC-4150-88C4-4A98B94A7B48}.Debug|Any CPU.ActiveCfg = Debug|Any CPU
		{6AB8117A-AEBC-4150-88C4-4A98B94A7B48}.Debug|Any CPU.Build.0 = Debug|Any CPU
		{6AB8117A-AEBC-4150-88C4-4A98B94A7B48}.Release|Any CPU.ActiveCfg = Release|Any CPU
		{6AB8117A-AEBC-4150-88C4-4A98B94A7B48}.Release|Any CPU.Build.0 = Release|Any CPU
		{1FB49910-8DCA-4292-977B-9AC5BD712438}.Debug|Any CPU.ActiveCfg = Debug|Any CPU
		{1FB49910-8DCA-4292-977B-9AC5BD712438}.Debug|Any CPU.Build.0 = Debug|Any CPU
		{1FB49910-8DCA-4292-977B-9AC5BD712438}.Release|Any CPU.ActiveCfg = Release|Any CPU
		{1FB49910-8DCA-4292-977B-9AC5BD712438}.Release|Any CPU.Build.0 = Release|Any CPU
		{A85C677A-AD1E-41CB-B51D-6E8EA96064C7}.Debug|Any CPU.ActiveCfg = Debug|Any CPU
		{A85C677A-AD1E-41CB-B51D-6E8EA96064C7}.Debug|Any CPU.Build.0 = Debug|Any CPU
		{A85C677A-AD1E-41CB-B51D-6E8EA96064C7}.Release|Any CPU.ActiveCfg = Release|Any CPU
		{A85C677A-AD1E-41CB-B51D-6E8EA96064C7}.Release|Any CPU.Build.0 = Release|Any CPU
		{287CBF0B-2EAE-4E58-9517-0EE6CCC5030A}.Debug|Any CPU.ActiveCfg = Debug|Any CPU
		{287CBF0B-2EAE-4E58-9517-0EE6CCC5030A}.Debug|Any CPU.Build.0 = Debug|Any CPU
		{287CBF0B-2EAE-4E58-9517-0EE6CCC5030A}.Release|Any CPU.ActiveCfg = Release|Any CPU
		{287CBF0B-2EAE-4E58-9517-0EE6CCC5030A}.Release|Any CPU.Build.0 = Release|Any CPU
	EndGlobalSection
	GlobalSection(SolutionProperties) = preSolution
		HideSolutionNode = FALSE
	EndGlobalSection
	GlobalSection(NestedProjects) = preSolution
		{0421C1A7-5FB0-4527-BD7D-C04249211299} = {A4D78854-E7B5-428A-8443-205B1E872976}
		{6AB8117A-AEBC-4150-88C4-4A98B94A7B48} = {A4D78854-E7B5-428A-8443-205B1E872976}
		{1FB49910-8DCA-4292-977B-9AC5BD712438} = {A4D78854-E7B5-428A-8443-205B1E872976}
		{A85C677A-AD1E-41CB-B51D-6E8EA96064C7} = {A4D78854-E7B5-428A-8443-205B1E872976}
		{287CBF0B-2EAE-4E58-9517-0EE6CCC5030A} = {A4D78854-E7B5-428A-8443-205B1E872976}
	EndGlobalSection
	GlobalSection(ExtensibilityGlobals) = postSolution
		SolutionGuid = {B19F5966-9C5B-4877-8529-1EA77238DF3C}
	EndGlobalSection
EndGlobal
